// !$*UTF8*$!
{
	archiveVersion = 1;
	classes = {
	};
	objectVersion = 46;
	objects = {

/* Begin PBXBuildFile section */
		530DDEF914EEB6D800F1BC7F /* UIKit.framework in Frameworks */ = {isa = PBXBuildFile; fileRef = 530DDEF814EEB6D800F1BC7F /* UIKit.framework */; };
		530DDEFB14EEB6D800F1BC7F /* Foundation.framework in Frameworks */ = {isa = PBXBuildFile; fileRef = 530DDEFA14EEB6D800F1BC7F /* Foundation.framework */; };
		530DDEFD14EEB6D800F1BC7F /* CoreGraphics.framework in Frameworks */ = {isa = PBXBuildFile; fileRef = 530DDEFC14EEB6D800F1BC7F /* CoreGraphics.framework */; };
		530DDF0314EEB6D800F1BC7F /* InfoPlist.strings in Resources */ = {isa = PBXBuildFile; fileRef = 530DDF0114EEB6D800F1BC7F /* InfoPlist.strings */; };
		530DDF0514EEB6D800F1BC7F /* main.m in Sources */ = {isa = PBXBuildFile; fileRef = 530DDF0414EEB6D800F1BC7F /* main.m */; };
		530DDF0914EEB6D800F1BC7F /* AppDelegate.m in Sources */ = {isa = PBXBuildFile; fileRef = 530DDF0814EEB6D800F1BC7F /* AppDelegate.m */; };
		530DDF0C14EEB6D800F1BC7F /* MainStoryboard.storyboard in Resources */ = {isa = PBXBuildFile; fileRef = 530DDF0A14EEB6D800F1BC7F /* MainStoryboard.storyboard */; };
		530DDF0F14EEB6D800F1BC7F /* ViewController.m in Sources */ = {isa = PBXBuildFile; fileRef = 530DDF0E14EEB6D800F1BC7F /* ViewController.m */; };
		530DDF1714EECDDF00F1BC7F /* LockerViewController.m in Sources */ = {isa = PBXBuildFile; fileRef = 530DDF1614EECDDF00F1BC7F /* LockerViewController.m */; };
		530DDF1914EECF9400F1BC7F /* CoreData.framework in Frameworks */ = {isa = PBXBuildFile; fileRef = 530DDF1814EECF9400F1BC7F /* CoreData.framework */; };
		530DDF2F14EF264F00F1BC7F /* Weapon.m in Sources */ = {isa = PBXBuildFile; fileRef = 530DDF2E14EF264F00F1BC7F /* Weapon.m */; };
		530DDF3214EF68F000F1BC7F /* WeaponCell.m in Sources */ = {isa = PBXBuildFile; fileRef = 530DDF3114EF68F000F1BC7F /* WeaponCell.m */; };
		530DDF3C14EFF74400F1BC7F /* WeaponAddViewController.m in Sources */ = {isa = PBXBuildFile; fileRef = 530DDF3B14EFF74400F1BC7F /* WeaponAddViewController.m */; };
		532EE03914F736E5008A9558 /* Manufacturer.m in Sources */ = {isa = PBXBuildFile; fileRef = 532EE03814F736E5008A9558 /* Manufacturer.m */; };
		532EE03D14F74FFB008A9558 /* manufacturers.txt in Resources */ = {isa = PBXBuildFile; fileRef = 532EE03C14F74FFB008A9558 /* manufacturers.txt */; };
		5333AA8A14F9C63C00D62E50 /* calibers.txt in Resources */ = {isa = PBXBuildFile; fileRef = 5333AA8914F9C63C00D62E50 /* calibers.txt */; };
		5333AA8D14F9D0A600D62E50 /* Images in Resources */ = {isa = PBXBuildFile; fileRef = 5333AA8C14F9D0A600D62E50 /* Images */; };
		5356120E14F5B93600EC1ED4 /* DataModel.xcdatamodeld in Sources */ = {isa = PBXBuildFile; fileRef = 5356120C14F5B93600EC1ED4 /* DataModel.xcdatamodeld */; };
		539714C614F03FF0003CCAE9 /* DatabaseHelper.m in Sources */ = {isa = PBXBuildFile; fileRef = 539714C514F03FF0003CCAE9 /* DatabaseHelper.m */; };
		539A835E14F867FA0092BD78 /* lockerViewAlphaGradient.png in Resources */ = {isa = PBXBuildFile; fileRef = 539A835D14F867FA0092BD78 /* lockerViewAlphaGradient.png */; };
		53A6C86914F498C10045C186 /* ManufacturerChooserViewController.m in Sources */ = {isa = PBXBuildFile; fileRef = 53A6C86814F498C10045C186 /* ManufacturerChooserViewController.m */; };
		53A6C88414F5B8ED0045C186 /* CaliberChooserViewController.m in Sources */ = {isa = PBXBuildFile; fileRef = 53A6C88314F5B8ED0045C186 /* CaliberChooserViewController.m */; };
/* End PBXBuildFile section */

/* Begin PBXFileReference section */
		530DDEF414EEB6D800F1BC7F /* Gun Locker.app */ = {isa = PBXFileReference; explicitFileType = wrapper.application; includeInIndex = 0; path = "Gun Locker.app"; sourceTree = BUILT_PRODUCTS_DIR; };
		530DDEF814EEB6D800F1BC7F /* UIKit.framework */ = {isa = PBXFileReference; lastKnownFileType = wrapper.framework; name = UIKit.framework; path = System/Library/Frameworks/UIKit.framework; sourceTree = SDKROOT; };
		530DDEFA14EEB6D800F1BC7F /* Foundation.framework */ = {isa = PBXFileReference; lastKnownFileType = wrapper.framework; name = Foundation.framework; path = System/Library/Frameworks/Foundation.framework; sourceTree = SDKROOT; };
		530DDEFC14EEB6D800F1BC7F /* CoreGraphics.framework */ = {isa = PBXFileReference; lastKnownFileType = wrapper.framework; name = CoreGraphics.framework; path = System/Library/Frameworks/CoreGraphics.framework; sourceTree = SDKROOT; };
		530DDF0014EEB6D800F1BC7F /* Gun Locker-Info.plist */ = {isa = PBXFileReference; lastKnownFileType = text.plist.xml; path = "Gun Locker-Info.plist"; sourceTree = "<group>"; };
		530DDF0214EEB6D800F1BC7F /* en */ = {isa = PBXFileReference; lastKnownFileType = text.plist.strings; name = en; path = en.lproj/InfoPlist.strings; sourceTree = "<group>"; };
		530DDF0414EEB6D800F1BC7F /* main.m */ = {isa = PBXFileReference; lastKnownFileType = sourcecode.c.objc; path = main.m; sourceTree = "<group>"; };
		530DDF0614EEB6D800F1BC7F /* Gun Locker-Prefix.pch */ = {isa = PBXFileReference; lastKnownFileType = sourcecode.c.h; path = "Gun Locker-Prefix.pch"; sourceTree = "<group>"; };
		530DDF0714EEB6D800F1BC7F /* AppDelegate.h */ = {isa = PBXFileReference; lastKnownFileType = sourcecode.c.h; path = AppDelegate.h; sourceTree = "<group>"; };
		530DDF0814EEB6D800F1BC7F /* AppDelegate.m */ = {isa = PBXFileReference; lastKnownFileType = sourcecode.c.objc; path = AppDelegate.m; sourceTree = "<group>"; };
		530DDF0B14EEB6D800F1BC7F /* en */ = {isa = PBXFileReference; lastKnownFileType = file.storyboard; name = en; path = en.lproj/MainStoryboard.storyboard; sourceTree = "<group>"; };
		530DDF0D14EEB6D800F1BC7F /* ViewController.h */ = {isa = PBXFileReference; lastKnownFileType = sourcecode.c.h; path = ViewController.h; sourceTree = "<group>"; };
		530DDF0E14EEB6D800F1BC7F /* ViewController.m */ = {isa = PBXFileReference; lastKnownFileType = sourcecode.c.objc; path = ViewController.m; sourceTree = "<group>"; };
		530DDF1514EECDDF00F1BC7F /* LockerViewController.h */ = {isa = PBXFileReference; fileEncoding = 4; lastKnownFileType = sourcecode.c.h; lineEnding = 0; path = LockerViewController.h; sourceTree = "<group>"; xcLanguageSpecificationIdentifier = xcode.lang.objcpp; };
		530DDF1614EECDDF00F1BC7F /* LockerViewController.m */ = {isa = PBXFileReference; fileEncoding = 4; lastKnownFileType = sourcecode.c.objc; lineEnding = 0; path = LockerViewController.m; sourceTree = "<group>"; xcLanguageSpecificationIdentifier = xcode.lang.objc; };
		530DDF1814EECF9400F1BC7F /* CoreData.framework */ = {isa = PBXFileReference; lastKnownFileType = wrapper.framework; name = CoreData.framework; path = System/Library/Frameworks/CoreData.framework; sourceTree = SDKROOT; };
		530DDF2D14EF264F00F1BC7F /* Weapon.h */ = {isa = PBXFileReference; fileEncoding = 4; lastKnownFileType = sourcecode.c.h; path = Weapon.h; sourceTree = "<group>"; };
		530DDF2E14EF264F00F1BC7F /* Weapon.m */ = {isa = PBXFileReference; fileEncoding = 4; lastKnownFileType = sourcecode.c.objc; path = Weapon.m; sourceTree = "<group>"; };
		530DDF3014EF68F000F1BC7F /* WeaponCell.h */ = {isa = PBXFileReference; fileEncoding = 4; lastKnownFileType = sourcecode.c.h; path = WeaponCell.h; sourceTree = "<group>"; };
		530DDF3114EF68F000F1BC7F /* WeaponCell.m */ = {isa = PBXFileReference; fileEncoding = 4; lastKnownFileType = sourcecode.c.objc; path = WeaponCell.m; sourceTree = "<group>"; };
		530DDF3A14EFF74400F1BC7F /* WeaponAddViewController.h */ = {isa = PBXFileReference; fileEncoding = 4; lastKnownFileType = sourcecode.c.h; lineEnding = 0; path = WeaponAddViewController.h; sourceTree = "<group>"; xcLanguageSpecificationIdentifier = xcode.lang.objcpp; };
		530DDF3B14EFF74400F1BC7F /* WeaponAddViewController.m */ = {isa = PBXFileReference; fileEncoding = 4; lastKnownFileType = sourcecode.c.objc; path = WeaponAddViewController.m; sourceTree = "<group>"; };
		532EE03714F736E5008A9558 /* Manufacturer.h */ = {isa = PBXFileReference; fileEncoding = 4; lastKnownFileType = sourcecode.c.h; path = Manufacturer.h; sourceTree = "<group>"; };
		532EE03814F736E5008A9558 /* Manufacturer.m */ = {isa = PBXFileReference; fileEncoding = 4; lastKnownFileType = sourcecode.c.objc; path = Manufacturer.m; sourceTree = "<group>"; };
		532EE03C14F74FFB008A9558 /* manufacturers.txt */ = {isa = PBXFileReference; fileEncoding = 4; lastKnownFileType = text; name = manufacturers.txt; path = "Gun Locker/manufacturers.txt"; sourceTree = SOURCE_ROOT; };
		5333AA8914F9C63C00D62E50 /* calibers.txt */ = {isa = PBXFileReference; fileEncoding = 4; lastKnownFileType = text; path = calibers.txt; sourceTree = "<group>"; };
		5333AA8C14F9D0A600D62E50 /* Images */ = {isa = PBXFileReference; lastKnownFileType = folder; path = Images; sourceTree = "<group>"; };
		5356120D14F5B93600EC1ED4 /* DataModel.xcdatamodel */ = {isa = PBXFileReference; lastKnownFileType = wrapper.xcdatamodel; path = DataModel.xcdatamodel; sourceTree = "<group>"; };
		539714C414F03FF0003CCAE9 /* DatabaseHelper.h */ = {isa = PBXFileReference; fileEncoding = 4; lastKnownFileType = sourcecode.c.h; path = DatabaseHelper.h; sourceTree = "<group>"; };
		539714C514F03FF0003CCAE9 /* DatabaseHelper.m */ = {isa = PBXFileReference; fileEncoding = 4; lastKnownFileType = sourcecode.c.objc; path = DatabaseHelper.m; sourceTree = "<group>"; };
		539A835D14F867FA0092BD78 /* lockerViewAlphaGradient.png */ = {isa = PBXFileReference; lastKnownFileType = image.png; path = lockerViewAlphaGradient.png; sourceTree = "<group>"; };
		53A6C86714F498C10045C186 /* ManufacturerChooserViewController.h */ = {isa = PBXFileReference; fileEncoding = 4; lastKnownFileType = sourcecode.c.h; path = ManufacturerChooserViewController.h; sourceTree = "<group>"; };
		53A6C86814F498C10045C186 /* ManufacturerChooserViewController.m */ = {isa = PBXFileReference; fileEncoding = 4; lastKnownFileType = sourcecode.c.objc; path = ManufacturerChooserViewController.m; sourceTree = "<group>"; };
		53A6C88214F5B8ED0045C186 /* CaliberChooserViewController.h */ = {isa = PBXFileReference; fileEncoding = 4; lastKnownFileType = sourcecode.c.h; path = CaliberChooserViewController.h; sourceTree = "<group>"; };
		53A6C88314F5B8ED0045C186 /* CaliberChooserViewController.m */ = {isa = PBXFileReference; fileEncoding = 4; lastKnownFileType = sourcecode.c.objc; path = CaliberChooserViewController.m; sourceTree = "<group>"; };
/* End PBXFileReference section */

/* Begin PBXFrameworksBuildPhase section */
		530DDEF114EEB6D800F1BC7F /* Frameworks */ = {
			isa = PBXFrameworksBuildPhase;
			buildActionMask = 2147483647;
			files = (
				530DDEFB14EEB6D800F1BC7F /* Foundation.framework in Frameworks */,
				530DDF1914EECF9400F1BC7F /* CoreData.framework in Frameworks */,
				530DDEF914EEB6D800F1BC7F /* UIKit.framework in Frameworks */,
				530DDEFD14EEB6D800F1BC7F /* CoreGraphics.framework in Frameworks */,
			);
			runOnlyForDeploymentPostprocessing = 0;
		};
/* End PBXFrameworksBuildPhase section */

/* Begin PBXGroup section */
		530DDEE914EEB6D800F1BC7F = {
			isa = PBXGroup;
			children = (
				530DDEFE14EEB6D800F1BC7F /* Gun Locker */,
				530DDEF714EEB6D800F1BC7F /* Frameworks */,
				530DDEF514EEB6D800F1BC7F /* Products */,
			);
			sourceTree = "<group>";
		};
		530DDEF514EEB6D800F1BC7F /* Products */ = {
			isa = PBXGroup;
			children = (
				530DDEF414EEB6D800F1BC7F /* Gun Locker.app */,
			);
			name = Products;
			sourceTree = "<group>";
		};
		530DDEF714EEB6D800F1BC7F /* Frameworks */ = {
			isa = PBXGroup;
			children = (
				530DDF1814EECF9400F1BC7F /* CoreData.framework */,
				530DDEF814EEB6D800F1BC7F /* UIKit.framework */,
				530DDEFA14EEB6D800F1BC7F /* Foundation.framework */,
				530DDEFC14EEB6D800F1BC7F /* CoreGraphics.framework */,
			);
			name = Frameworks;
			sourceTree = "<group>";
		};
		530DDEFE14EEB6D800F1BC7F /* Gun Locker */ = {
			isa = PBXGroup;
			children = (
				532EE03514F6C072008A9558 /* App Delegate */,
				53B00A1114F32569000A560F /* Models and DataModel */,
				53B00A1014F3255A000A560F /* Views */,
				530DDF0A14EEB6D800F1BC7F /* MainStoryboard.storyboard */,
				5333AA8C14F9D0A600D62E50 /* Images */,
				539A835D14F867FA0092BD78 /* lockerViewAlphaGradient.png */,
				530DDEFF14EEB6D800F1BC7F /* Supporting Files */,
			);
			path = "Gun Locker";
			sourceTree = "<group>";
		};
		530DDEFF14EEB6D800F1BC7F /* Supporting Files */ = {
			isa = PBXGroup;
			children = (
				539714C414F03FF0003CCAE9 /* DatabaseHelper.h */,
				539714C514F03FF0003CCAE9 /* DatabaseHelper.m */,
				530DDF0014EEB6D800F1BC7F /* Gun Locker-Info.plist */,
				530DDF0114EEB6D800F1BC7F /* InfoPlist.strings */,
				530DDF0414EEB6D800F1BC7F /* main.m */,
				530DDF0614EEB6D800F1BC7F /* Gun Locker-Prefix.pch */,
			);
			name = "Supporting Files";
			sourceTree = "<group>";
		};
		532EE03514F6C072008A9558 /* App Delegate */ = {
			isa = PBXGroup;
			children = (
				530DDF0714EEB6D800F1BC7F /* AppDelegate.h */,
				530DDF0814EEB6D800F1BC7F /* AppDelegate.m */,
			);
			name = "App Delegate";
			sourceTree = "<group>";
		};
		53B00A1014F3255A000A560F /* Views */ = {
			isa = PBXGroup;
			children = (
				53A6C88214F5B8ED0045C186 /* CaliberChooserViewController.h */,
				53A6C88314F5B8ED0045C186 /* CaliberChooserViewController.m */,
				5333AA8914F9C63C00D62E50 /* calibers.txt */,
				53A6C86714F498C10045C186 /* ManufacturerChooserViewController.h */,
				53A6C86814F498C10045C186 /* ManufacturerChooserViewController.m */,
				530DDF1514EECDDF00F1BC7F /* LockerViewController.h */,
				530DDF1614EECDDF00F1BC7F /* LockerViewController.m */,
				530DDF0D14EEB6D800F1BC7F /* ViewController.h */,
				530DDF0E14EEB6D800F1BC7F /* ViewController.m */,
				530DDF3A14EFF74400F1BC7F /* WeaponAddViewController.h */,
				530DDF3B14EFF74400F1BC7F /* WeaponAddViewController.m */,
				530DDF3014EF68F000F1BC7F /* WeaponCell.h */,
				530DDF3114EF68F000F1BC7F /* WeaponCell.m */,
			);
			name = Views;
			sourceTree = "<group>";
		};
		53B00A1114F32569000A560F /* Models and DataModel */ = {
			isa = PBXGroup;
			children = (
				532EE03714F736E5008A9558 /* Manufacturer.h */,
				532EE03814F736E5008A9558 /* Manufacturer.m */,
				532EE03C14F74FFB008A9558 /* manufacturers.txt */,
				5356120C14F5B93600EC1ED4 /* DataModel.xcdatamodeld */,
				530DDF2D14EF264F00F1BC7F /* Weapon.h */,
				530DDF2E14EF264F00F1BC7F /* Weapon.m */,
			);
			name = "Models and DataModel";
			sourceTree = "<group>";
		};
/* End PBXGroup section */

/* Begin PBXNativeTarget section */
		530DDEF314EEB6D800F1BC7F /* Gun Locker */ = {
			isa = PBXNativeTarget;
			buildConfigurationList = 530DDF1214EEB6D800F1BC7F /* Build configuration list for PBXNativeTarget "Gun Locker" */;
			buildPhases = (
				530DDEF014EEB6D800F1BC7F /* Sources */,
				530DDEF114EEB6D800F1BC7F /* Frameworks */,
				530DDEF214EEB6D800F1BC7F /* Resources */,
			);
			buildRules = (
			);
			dependencies = (
			);
			name = "Gun Locker";
			productName = "Gun Locker";
			productReference = 530DDEF414EEB6D800F1BC7F /* Gun Locker.app */;
			productType = "com.apple.product-type.application";
		};
/* End PBXNativeTarget section */

/* Begin PBXProject section */
		530DDEEB14EEB6D800F1BC7F /* Project object */ = {
			isa = PBXProject;
			attributes = {
				LastUpgradeCheck = 0430;
			};
			buildConfigurationList = 530DDEEE14EEB6D800F1BC7F /* Build configuration list for PBXProject "Gun Locker" */;
			compatibilityVersion = "Xcode 3.2";
			developmentRegion = English;
			hasScannedForEncodings = 0;
			knownRegions = (
				en,
			);
			mainGroup = 530DDEE914EEB6D800F1BC7F;
			productRefGroup = 530DDEF514EEB6D800F1BC7F /* Products */;
			projectDirPath = "";
			projectRoot = "";
			targets = (
				530DDEF314EEB6D800F1BC7F /* Gun Locker */,
			);
		};
/* End PBXProject section */

/* Begin PBXResourcesBuildPhase section */
		530DDEF214EEB6D800F1BC7F /* Resources */ = {
			isa = PBXResourcesBuildPhase;
			buildActionMask = 2147483647;
			files = (
				530DDF0314EEB6D800F1BC7F /* InfoPlist.strings in Resources */,
				530DDF0C14EEB6D800F1BC7F /* MainStoryboard.storyboard in Resources */,
				532EE03D14F74FFB008A9558 /* manufacturers.txt in Resources */,
				539A835E14F867FA0092BD78 /* lockerViewAlphaGradient.png in Resources */,
				5333AA8A14F9C63C00D62E50 /* calibers.txt in Resources */,
				5333AA8D14F9D0A600D62E50 /* Images in Resources */,
			);
			runOnlyForDeploymentPostprocessing = 0;
		};
/* End PBXResourcesBuildPhase section */

/* Begin PBXSourcesBuildPhase section */
		530DDEF014EEB6D800F1BC7F /* Sources */ = {
			isa = PBXSourcesBuildPhase;
			buildActionMask = 2147483647;
			files = (
				530DDF0514EEB6D800F1BC7F /* main.m in Sources */,
				530DDF0914EEB6D800F1BC7F /* AppDelegate.m in Sources */,
				530DDF0F14EEB6D800F1BC7F /* ViewController.m in Sources */,
				530DDF1714EECDDF00F1BC7F /* LockerViewController.m in Sources */,
				530DDF2F14EF264F00F1BC7F /* Weapon.m in Sources */,
				530DDF3214EF68F000F1BC7F /* WeaponCell.m in Sources */,
				530DDF3C14EFF74400F1BC7F /* WeaponAddViewController.m in Sources */,
				539714C614F03FF0003CCAE9 /* DatabaseHelper.m in Sources */,
				53A6C86914F498C10045C186 /* ManufacturerChooserViewController.m in Sources */,
				53A6C88414F5B8ED0045C186 /* CaliberChooserViewController.m in Sources */,
				5356120E14F5B93600EC1ED4 /* DataModel.xcdatamodeld in Sources */,
				532EE03914F736E5008A9558 /* Manufacturer.m in Sources */,
			);
			runOnlyForDeploymentPostprocessing = 0;
		};
/* End PBXSourcesBuildPhase section */

/* Begin PBXVariantGroup section */
		530DDF0114EEB6D800F1BC7F /* InfoPlist.strings */ = {
			isa = PBXVariantGroup;
			children = (
				530DDF0214EEB6D800F1BC7F /* en */,
			);
			name = InfoPlist.strings;
			sourceTree = "<group>";
		};
		530DDF0A14EEB6D800F1BC7F /* MainStoryboard.storyboard */ = {
			isa = PBXVariantGroup;
			children = (
				530DDF0B14EEB6D800F1BC7F /* en */,
			);
			name = MainStoryboard.storyboard;
			sourceTree = "<group>";
		};
/* End PBXVariantGroup section */

/* Begin XCBuildConfiguration section */
		530DDF1014EEB6D800F1BC7F /* Debug */ = {
			isa = XCBuildConfiguration;
			buildSettings = {
				ALWAYS_SEARCH_USER_PATHS = NO;
				ARCHS = "$(ARCHS_STANDARD_32_BIT)";
				CLANG_ENABLE_OBJC_ARC = YES;
				"CODE_SIGN_IDENTITY[sdk=iphoneos*]" = "iPhone Developer";
				COPY_PHASE_STRIP = NO;
				GCC_C_LANGUAGE_STANDARD = gnu99;
				GCC_DYNAMIC_NO_PIC = NO;
				GCC_OPTIMIZATION_LEVEL = 0;
				GCC_PREPROCESSOR_DEFINITIONS = (
					"DEBUG=1",
					"$(inherited)",
				);
				GCC_SYMBOLS_PRIVATE_EXTERN = NO;
				GCC_VERSION = "";
				GCC_WARN_ABOUT_MISSING_PROTOTYPES = YES;
				GCC_WARN_ABOUT_RETURN_TYPE = YES;
				GCC_WARN_UNUSED_VARIABLE = YES;
				IPHONEOS_DEPLOYMENT_TARGET = 5.0;
				SDKROOT = iphoneos;
			};
			name = Debug;
		};
		530DDF1114EEB6D800F1BC7F /* Release */ = {
			isa = XCBuildConfiguration;
			buildSettings = {
				ALWAYS_SEARCH_USER_PATHS = NO;
				ARCHS = "$(ARCHS_STANDARD_32_BIT)";
				CLANG_ENABLE_OBJC_ARC = YES;
				"CODE_SIGN_IDENTITY[sdk=iphoneos*]" = "iPhone Developer";
				COPY_PHASE_STRIP = YES;
				GCC_C_LANGUAGE_STANDARD = gnu99;
				GCC_VERSION = "";
				GCC_WARN_ABOUT_MISSING_PROTOTYPES = YES;
				GCC_WARN_ABOUT_RETURN_TYPE = YES;
				GCC_WARN_UNUSED_VARIABLE = YES;
				IPHONEOS_DEPLOYMENT_TARGET = 5.0;
				OTHER_CFLAGS = "-DNS_BLOCK_ASSERTIONS=1";
				SDKROOT = iphoneos;
				VALIDATE_PRODUCT = YES;
			};
			name = Release;
		};
		530DDF1314EEB6D800F1BC7F /* Debug */ = {
			isa = XCBuildConfiguration;
			buildSettings = {
				GCC_PRECOMPILE_PREFIX_HEADER = YES;
				GCC_PREFIX_HEADER = "Gun Locker/Gun Locker-Prefix.pch";
				INFOPLIST_FILE = "Gun Locker/Gun Locker-Info.plist";
				IPHONEOS_DEPLOYMENT_TARGET = 5.0;
				PRODUCT_NAME = "$(TARGET_NAME)";
				TARGETED_DEVICE_FAMILY = 1;
				WRAPPER_EXTENSION = app;
			};
			name = Debug;
		};
		530DDF1414EEB6D800F1BC7F /* Release */ = {
			isa = XCBuildConfiguration;
			buildSettings = {
				GCC_PRECOMPILE_PREFIX_HEADER = YES;
				GCC_PREFIX_HEADER = "Gun Locker/Gun Locker-Prefix.pch";
				INFOPLIST_FILE = "Gun Locker/Gun Locker-Info.plist";
				IPHONEOS_DEPLOYMENT_TARGET = 5.0;
				PRODUCT_NAME = "$(TARGET_NAME)";
				TARGETED_DEVICE_FAMILY = 1;
				WRAPPER_EXTENSION = app;
			};
			name = Release;
		};
/* End XCBuildConfiguration section */

/* Begin XCConfigurationList section */
		530DDEEE14EEB6D800F1BC7F /* Build configuration list for PBXProject "Gun Locker" */ = {
			isa = XCConfigurationList;
			buildConfigurations = (
				530DDF1014EEB6D800F1BC7F /* Debug */,
				530DDF1114EEB6D800F1BC7F /* Release */,
			);
			defaultConfigurationIsVisible = 0;
			defaultConfigurationName = Release;
		};
		530DDF1214EEB6D800F1BC7F /* Build configuration list for PBXNativeTarget "Gun Locker" */ = {
			isa = XCConfigurationList;
			buildConfigurations = (
				530DDF1314EEB6D800F1BC7F /* Debug */,
				530DDF1414EEB6D800F1BC7F /* Release */,
			);
			defaultConfigurationIsVisible = 0;
			defaultConfigurationName = Release;
		};
/* End XCConfigurationList section */

/* Begin XCVersionGroup section */
		5356120C14F5B93600EC1ED4 /* DataModel.xcdatamodeld */ = {
			isa = XCVersionGroup;
			children = (
				5356120D14F5B93600EC1ED4 /* DataModel.xcdatamodel */,
			);
			currentVersion = 5356120D14F5B93600EC1ED4 /* DataModel.xcdatamodel */;
			path = DataModel.xcdatamodeld;
			sourceTree = "<group>";
			versionGroupType = wrapper.xcdatamodel;
		};
/* End XCVersionGroup section */
	};
	rootObject = 530DDEEB14EEB6D800F1BC7F /* Project object */;
}
